
Microsoft Visual Studio Solution File, Format Version 12.00
# Visual Studio Version 16
VisualStudioVersion = 16.0.31321.278
MinimumVisualStudioVersion = 10.0.40219.1
Project("{FAE04EC0-301F-11D3-BF4B-00C04F79EFBC}") = "Api", "Api\Api.csproj", "{EF049CF4-ECA4-4A16-89BA-3EE40F7F531F}"
EndProject
Global
	GlobalSection(SolutionConfigurationPlatforms) = preSolution
		Debug|Any CPU = Debug|Any CPU
		Release|Any CPU = Release|Any CPU
	EndGlobalSection
	GlobalSection(ProjectConfigurationPlatforms) = postSolution
		{EF049CF4-ECA4-4A16-89BA-3EE40F7F531F}.Debug|Any CPU.ActiveCfg = Debug|Any CPU
		{EF049CF4-ECA4-4A16-89BA-3EE40F7F531F}.Debug|Any CPU.Build.0 = Debug|Any CPU
		{EF049CF4-ECA4-4A16-89BA-3EE40F7F531F}.Release|Any CPU.ActiveCfg = Release|Any CPU
		{EF049CF4-ECA4-4A16-89BA-3EE40F7F531F}.Release|Any CPU.Build.0 = Release|Any CPU
	EndGlobalSection
	GlobalSection(SolutionProperties) = preSolution
		HideSolutionNode = FALSE
	EndGlobalSection
	GlobalSection(ExtensibilityGlobals) = postSolution
		SolutionGuid = {3388D386-FCC7-4612-BF39-5A955A83325F}
	EndGlobalSection
EndGlobal
